
Microsoft Visual Studio Solution File, Format Version 12.00
# Visual Studio 14
VisualStudioVersion = 14.0.25123.0
MinimumVisualStudioVersion = 10.0.40219.1
Project("{8BB2217D-0F2D-49D1-97BC-3654ED321F3B}") = "web", "src\web\web.xproj", "{3E80D30D-F53B-4B13-B691-5A00E0E9CE54}"
EndProject
Project("{2150E333-8FDC-42A3-9474-1A3956D46DE8}") = "Solution Items", "Solution Items", "{F57B60A0-90F1-4FFD-B118-D9097D5A676F}"
	ProjectSection(SolutionItems) = preProject
		global.json = global.json
	EndProjectSection
EndProject
Project("{2150E333-8FDC-42A3-9474-1A3956D46DE8}") = "src", "src", "{775C869A-1C72-4C0F-880E-EE472B44B978}"
EndProject
Global
	GlobalSection(SolutionConfigurationPlatforms) = preSolution
		Debug|Any CPU = Debug|Any CPU
		Release|Any CPU = Release|Any CPU
	EndGlobalSection
	GlobalSection(ProjectConfigurationPlatforms) = postSolution
		{3E80D30D-F53B-4B13-B691-5A00E0E9CE54}.Debug|Any CPU.ActiveCfg = Debug|Any CPU
		{3E80D30D-F53B-4B13-B691-5A00E0E9CE54}.Debug|Any CPU.Build.0 = Debug|Any CPU
		{3E80D30D-F53B-4B13-B691-5A00E0E9CE54}.Release|Any CPU.ActiveCfg = Release|Any CPU
		{3E80D30D-F53B-4B13-B691-5A00E0E9CE54}.Release|Any CPU.Build.0 = Release|Any CPU
	EndGlobalSection
	GlobalSection(SolutionProperties) = preSolution
		HideSolutionNode = FALSE
	EndGlobalSection
	GlobalSection(NestedProjects) = preSolution
		{3E80D30D-F53B-4B13-B691-5A00E0E9CE54} = {775C869A-1C72-4C0F-880E-EE472B44B978}
	EndGlobalSection
EndGlobal
